
Microsoft Visual Studio Solution File, Format Version 12.00
# Visual Studio Version 17
VisualStudioVersion = 17.10.34928.147
MinimumVisualStudioVersion = 10.0.40219.1
Project("{FAE04EC0-301F-11D3-BF4B-00C04F79EFBC}") = "Natalie_App", "Natalie_App.csproj", "{8EBF0C31-C238-4E92-A8E5-51988572A582}"
EndProject
Global
	GlobalSection(SolutionConfigurationPlatforms) = preSolution
		Debug|Any CPU = Debug|Any CPU
		Release|Any CPU = Release|Any CPU
	EndGlobalSection
	GlobalSection(ProjectConfigurationPlatforms) = postSolution
		{8EBF0C31-C238-4E92-A8E5-51988572A582}.Debug|Any CPU.ActiveCfg = Debug|Any CPU
		{8EBF0C31-C238-4E92-A8E5-51988572A582}.Debug|Any CPU.Build.0 = Debug|Any CPU
		{8EBF0C31-C238-4E92-A8E5-51988572A582}.Release|Any CPU.ActiveCfg = Release|Any CPU
		{8EBF0C31-C238-4E92-A8E5-51988572A582}.Release|Any CPU.Build.0 = Release|Any CPU
	EndGlobalSection
	GlobalSection(SolutionProperties) = preSolution
		HideSolutionNode = FALSE
	EndGlobalSection
	GlobalSection(ExtensibilityGlobals) = postSolution
		SolutionGuid = {A053652B-E63B-4D48-B5CD-4152ACEA2458}
	EndGlobalSection
EndGlobal
